// !$*UTF8*$!
{
	archiveVersion = 1;
	classes = {
	};
	objectVersion = 46;
	objects = {

/* Begin PBXBuildFile section */
		1E79FB661E2C6A2B008A4F4B /* AppDelegate.swift in Sources */ = {isa = PBXBuildFile; fileRef = 1E79FB651E2C6A2B008A4F4B /* AppDelegate.swift */; };
		1E79FB681E2C6A2B008A4F4B /* ViewController.swift in Sources */ = {isa = PBXBuildFile; fileRef = 1E79FB671E2C6A2B008A4F4B /* ViewController.swift */; };
		1E79FB6B1E2C6A2B008A4F4B /* Main.storyboard in Resources */ = {isa = PBXBuildFile; fileRef = 1E79FB691E2C6A2B008A4F4B /* Main.storyboard */; };
		1E79FB6D1E2C6A2B008A4F4B /* Assets.xcassets in Resources */ = {isa = PBXBuildFile; fileRef = 1E79FB6C1E2C6A2B008A4F4B /* Assets.xcassets */; };
		1E79FB701E2C6A2B008A4F4B /* LaunchScreen.storyboard in Resources */ = {isa = PBXBuildFile; fileRef = 1E79FB6E1E2C6A2B008A4F4B /* LaunchScreen.storyboard */; };
		1E79FB781E2C6BA3008A4F4B /* ViewBooks.swift in Sources */ = {isa = PBXBuildFile; fileRef = 1E79FB771E2C6BA3008A4F4B /* ViewBooks.swift */; };
		1E79FBA11E2C6EA2008A4F4B /* doc.png in Resources */ = {isa = PBXBuildFile; fileRef = 1E79FB7A1E2C6EA2008A4F4B /* doc.png */; };
		1E79FBA21E2C6EA2008A4F4B /* coexistcrane.docx in Resources */ = {isa = PBXBuildFile; fileRef = 1E79FB7C1E2C6EA2008A4F4B /* coexistcrane.docx */; };
		1E79FBA31E2C6EA2008A4F4B /* coexistcrane.jpg in Resources */ = {isa = PBXBuildFile; fileRef = 1E79FB7D1E2C6EA2008A4F4B /* coexistcrane.jpg */; };
		1E79FBA41E2C6EA2008A4F4B /* darkkisssylviaday.docx in Resources */ = {isa = PBXBuildFile; fileRef = 1E79FB7E1E2C6EA2008A4F4B /* darkkisssylviaday.docx */; };
		1E79FBA51E2C6EA2008A4F4B /* darkkisssylviaday.jpg in Resources */ = {isa = PBXBuildFile; fileRef = 1E79FB7F1E2C6EA2008A4F4B /* darkkisssylviaday.jpg */; };
		1E79FBA61E2C6EA2008A4F4B /* isthislove.docx in Resources */ = {isa = PBXBuildFile; fileRef = 1E79FB801E2C6EA2008A4F4B /* isthislove.docx */; };
		1E79FBA71E2C6EA2008A4F4B /* isthislove.jpg in Resources */ = {isa = PBXBuildFile; fileRef = 1E79FB811E2C6EA2008A4F4B /* isthislove.jpg */; };
		1E79FBA81E2C6EA2008A4F4B /* lovelikethishubbard.docx in Resources */ = {isa = PBXBuildFile; fileRef = 1E79FB821E2C6EA2008A4F4B /* lovelikethishubbard.docx */; };
		1E79FBA91E2C6EA2008A4F4B /* lovelikethishubbard.jpg in Resources */ = {isa = PBXBuildFile; fileRef = 1E79FB831E2C6EA2008A4F4B /* lovelikethishubbard.jpg */; };
		1E79FBAA1E2C6EA2008A4F4B /* lumberlacewards.docx in Resources */ = {isa = PBXBuildFile; fileRef = 1E79FB841E2C6EA2008A4F4B /* lumberlacewards.docx */; };
		1E79FBAB1E2C6EA2008A4F4B /* lumberlacewards.jpg in Resources */ = {isa = PBXBuildFile; fileRef = 1E79FB851E2C6EA2008A4F4B /* lumberlacewards.jpg */; };
		1E79FBAC1E2C6EA2008A4F4B /* Lập trình iOS Objective-C.html in Resources */ = {isa = PBXBuildFile; fileRef = 1E79FB871E2C6EA2008A4F4B /* Lập trình iOS Objective-C.html */; };
		1E79FBAD1E2C6EA2008A4F4B /* Lập trình iOS Objective-C.jpg in Resources */ = {isa = PBXBuildFile; fileRef = 1E79FB881E2C6EA2008A4F4B /* Lập trình iOS Objective-C.jpg */; };
		1E79FBAE1E2C6EA2008A4F4B /* html.png in Resources */ = {isa = PBXBuildFile; fileRef = 1E79FB891E2C6EA2008A4F4B /* html.png */; };
		1E79FBAF1E2C6EA2008A4F4B /* abrieferhistory.jpg in Resources */ = {isa = PBXBuildFile; fileRef = 1E79FB8B1E2C6EA2008A4F4B /* abrieferhistory.jpg */; };
		1E79FBB01E2C6EA2008A4F4B /* abrieferhistory.pdf in Resources */ = {isa = PBXBuildFile; fileRef = 1E79FB8C1E2C6EA2008A4F4B /* abrieferhistory.pdf */; };
		1E79FBB11E2C6EA2008A4F4B /* aspoofonsexdonwireman.jpg in Resources */ = {isa = PBXBuildFile; fileRef = 1E79FB8D1E2C6EA2008A4F4B /* aspoofonsexdonwireman.jpg */; };
		1E79FBB21E2C6EA2008A4F4B /* aspoofonsexdonwireman.pdf in Resources */ = {isa = PBXBuildFile; fileRef = 1E79FB8E1E2C6EA2008A4F4B /* aspoofonsexdonwireman.pdf */; };
		1E79FBB31E2C6EA2008A4F4B /* barrysworldjenvey.jpg in Resources */ = {isa = PBXBuildFile; fileRef = 1E79FB8F1E2C6EA2008A4F4B /* barrysworldjenvey.jpg */; };
		1E79FBB41E2C6EA2008A4F4B /* barrysworldjenvey.pdf in Resources */ = {isa = PBXBuildFile; fileRef = 1E79FB901E2C6EA2008A4F4B /* barrysworldjenvey.pdf */; };
		1E79FBB51E2C6EA2008A4F4B /* foreigneduwilliam.jpg in Resources */ = {isa = PBXBuildFile; fileRef = 1E79FB911E2C6EA2008A4F4B /* foreigneduwilliam.jpg */; };
		1E79FBB61E2C6EA2008A4F4B /* foreigneduwilliam.pdf in Resources */ = {isa = PBXBuildFile; fileRef = 1E79FB921E2C6EA2008A4F4B /* foreigneduwilliam.pdf */; };
		1E79FBB71E2C6EA2008A4F4B /* gonewithtrash.jpg in Resources */ = {isa = PBXBuildFile; fileRef = 1E79FB931E2C6EA2008A4F4B /* gonewithtrash.jpg */; };
		1E79FBB81E2C6EA2008A4F4B /* gonewithtrash.pdf in Resources */ = {isa = PBXBuildFile; fileRef = 1E79FB941E2C6EA2008A4F4B /* gonewithtrash.pdf */; };
		1E79FBB91E2C6EA2008A4F4B /* gospelbuckydennis.jpg in Resources */ = {isa = PBXBuildFile; fileRef = 1E79FB951E2C6EA2008A4F4B /* gospelbuckydennis.jpg */; };
		1E79FBBA1E2C6EA2008A4F4B /* gospelbuckydennis.pdf in Resources */ = {isa = PBXBuildFile; fileRef = 1E79FB961E2C6EA2008A4F4B /* gospelbuckydennis.pdf */; };
		1E79FBBB1E2C6EA2008A4F4B /* oddjobsbowling.jpg in Resources */ = {isa = PBXBuildFile; fileRef = 1E79FB971E2C6EA2008A4F4B /* oddjobsbowling.jpg */; };
		1E79FBBC1E2C6EA2008A4F4B /* oddjobsbowling.pdf in Resources */ = {isa = PBXBuildFile; fileRef = 1E79FB981E2C6EA2008A4F4B /* oddjobsbowling.pdf */; };
		1E79FBBD1E2C6EA2008A4F4B /* oneclownshortwright.jpg in Resources */ = {isa = PBXBuildFile; fileRef = 1E79FB991E2C6EA2008A4F4B /* oneclownshortwright.jpg */; };
		1E79FBBE1E2C6EA2008A4F4B /* oneclownshortwright.pdf in Resources */ = {isa = PBXBuildFile; fileRef = 1E79FB9A1E2C6EA2008A4F4B /* oneclownshortwright.pdf */; };
		1E79FBBF1E2C6EA2008A4F4B /* questingromana.jpg in Resources */ = {isa = PBXBuildFile; fileRef = 1E79FB9B1E2C6EA2008A4F4B /* questingromana.jpg */; };
		1E79FBC01E2C6EA2008A4F4B /* questingromana.pdf in Resources */ = {isa = PBXBuildFile; fileRef = 1E79FB9C1E2C6EA2008A4F4B /* questingromana.pdf */; };
		1E79FBC11E2C6EA2008A4F4B /* thedistancetravelled.jpg in Resources */ = {isa = PBXBuildFile; fileRef = 1E79FB9D1E2C6EA2008A4F4B /* thedistancetravelled.jpg */; };
		1E79FBC21E2C6EA2008A4F4B /* thedistancetravelled.pdf in Resources */ = {isa = PBXBuildFile; fileRef = 1E79FB9E1E2C6EA2008A4F4B /* thedistancetravelled.pdf */; };
		1E79FBC31E2C6EA2008A4F4B /* pdf.png in Resources */ = {isa = PBXBuildFile; fileRef = 1E79FB9F1E2C6EA2008A4F4B /* pdf.png */; };
		1E79FBC41E2C6EA2008A4F4B /* web.png in Resources */ = {isa = PBXBuildFile; fileRef = 1E79FBA01E2C6EA2008A4F4B /* web.png */; };
		1E79FBC71E2C7074008A4F4B /* ACellBook.swift in Sources */ = {isa = PBXBuildFile; fileRef = 1E79FBC61E2C7074008A4F4B /* ACellBook.swift */; };
		1E79FBCA1E2C8155008A4F4B /* DetailBook.swift in Sources */ = {isa = PBXBuildFile; fileRef = 1E79FBC91E2C8155008A4F4B /* DetailBook.swift */; };
		1E79FBCC1E2C9E50008A4F4B /* LoadURL.swift in Sources */ = {isa = PBXBuildFile; fileRef = 1E79FBCB1E2C9E50008A4F4B /* LoadURL.swift */; };
/* End PBXBuildFile section */

/* Begin PBXFileReference section */
		1E79FB621E2C6A2B008A4F4B /* EzUIWebView.app */ = {isa = PBXFileReference; explicitFileType = wrapper.application; includeInIndex = 0; path = EzUIWebView.app; sourceTree = BUILT_PRODUCTS_DIR; };
		1E79FB651E2C6A2B008A4F4B /* AppDelegate.swift */ = {isa = PBXFileReference; lastKnownFileType = sourcecode.swift; path = AppDelegate.swift; sourceTree = "<group>"; };
		1E79FB671E2C6A2B008A4F4B /* ViewController.swift */ = {isa = PBXFileReference; lastKnownFileType = sourcecode.swift; path = ViewController.swift; sourceTree = "<group>"; };
		1E79FB6A1E2C6A2B008A4F4B /* Base */ = {isa = PBXFileReference; lastKnownFileType = file.storyboard; name = Base; path = Base.lproj/Main.storyboard; sourceTree = "<group>"; };
		1E79FB6C1E2C6A2B008A4F4B /* Assets.xcassets */ = {isa = PBXFileReference; lastKnownFileType = folder.assetcatalog; path = Assets.xcassets; sourceTree = "<group>"; };
		1E79FB6F1E2C6A2B008A4F4B /* Base */ = {isa = PBXFileReference; lastKnownFileType = file.storyboard; name = Base; path = Base.lproj/LaunchScreen.storyboard; sourceTree = "<group>"; };
		1E79FB711E2C6A2B008A4F4B /* Info.plist */ = {isa = PBXFileReference; lastKnownFileType = text.plist.xml; path = Info.plist; sourceTree = "<group>"; };
		1E79FB771E2C6BA3008A4F4B /* ViewBooks.swift */ = {isa = PBXFileReference; fileEncoding = 4; lastKnownFileType = sourcecode.swift; path = ViewBooks.swift; sourceTree = "<group>"; };
		1E79FB7A1E2C6EA2008A4F4B /* doc.png */ = {isa = PBXFileReference; lastKnownFileType = image.png; path = doc.png; sourceTree = "<group>"; };
		1E79FB7C1E2C6EA2008A4F4B /* coexistcrane.docx */ = {isa = PBXFileReference; lastKnownFileType = file; path = coexistcrane.docx; sourceTree = "<group>"; };
		1E79FB7D1E2C6EA2008A4F4B /* coexistcrane.jpg */ = {isa = PBXFileReference; lastKnownFileType = image.jpeg; path = coexistcrane.jpg; sourceTree = "<group>"; };
		1E79FB7E1E2C6EA2008A4F4B /* darkkisssylviaday.docx */ = {isa = PBXFileReference; lastKnownFileType = file; path = darkkisssylviaday.docx; sourceTree = "<group>"; };
		1E79FB7F1E2C6EA2008A4F4B /* darkkisssylviaday.jpg */ = {isa = PBXFileReference; lastKnownFileType = image.jpeg; path = darkkisssylviaday.jpg; sourceTree = "<group>"; };
		1E79FB801E2C6EA2008A4F4B /* isthislove.docx */ = {isa = PBXFileReference; lastKnownFileType = file; path = isthislove.docx; sourceTree = "<group>"; };
		1E79FB811E2C6EA2008A4F4B /* isthislove.jpg */ = {isa = PBXFileReference; lastKnownFileType = image.jpeg; path = isthislove.jpg; sourceTree = "<group>"; };
		1E79FB821E2C6EA2008A4F4B /* lovelikethishubbard.docx */ = {isa = PBXFileReference; lastKnownFileType = file; path = lovelikethishubbard.docx; sourceTree = "<group>"; };
		1E79FB831E2C6EA2008A4F4B /* lovelikethishubbard.jpg */ = {isa = PBXFileReference; lastKnownFileType = image.jpeg; path = lovelikethishubbard.jpg; sourceTree = "<group>"; };
		1E79FB841E2C6EA2008A4F4B /* lumberlacewards.docx */ = {isa = PBXFileReference; lastKnownFileType = file; path = lumberlacewards.docx; sourceTree = "<group>"; };
		1E79FB851E2C6EA2008A4F4B /* lumberlacewards.jpg */ = {isa = PBXFileReference; lastKnownFileType = image.jpeg; path = lumberlacewards.jpg; sourceTree = "<group>"; };
		1E79FB871E2C6EA2008A4F4B /* Lập trình iOS Objective-C.html */ = {isa = PBXFileReference; fileEncoding = 4; lastKnownFileType = text.html; path = "Lập trình iOS Objective-C.html"; sourceTree = "<group>"; };
		1E79FB881E2C6EA2008A4F4B /* Lập trình iOS Objective-C.jpg */ = {isa = PBXFileReference; lastKnownFileType = image.jpeg; path = "Lập trình iOS Objective-C.jpg"; sourceTree = "<group>"; };
		1E79FB891E2C6EA2008A4F4B /* html.png */ = {isa = PBXFileReference; lastKnownFileType = image.png; path = html.png; sourceTree = "<group>"; };
		1E79FB8B1E2C6EA2008A4F4B /* abrieferhistory.jpg */ = {isa = PBXFileReference; lastKnownFileType = image.jpeg; path = abrieferhistory.jpg; sourceTree = "<group>"; };
		1E79FB8C1E2C6EA2008A4F4B /* abrieferhistory.pdf */ = {isa = PBXFileReference; lastKnownFileType = image.pdf; path = abrieferhistory.pdf; sourceTree = "<group>"; };
		1E79FB8D1E2C6EA2008A4F4B /* aspoofonsexdonwireman.jpg */ = {isa = PBXFileReference; lastKnownFileType = image.jpeg; path = aspoofonsexdonwireman.jpg; sourceTree = "<group>"; };
		1E79FB8E1E2C6EA2008A4F4B /* aspoofonsexdonwireman.pdf */ = {isa = PBXFileReference; lastKnownFileType = image.pdf; path = aspoofonsexdonwireman.pdf; sourceTree = "<group>"; };
		1E79FB8F1E2C6EA2008A4F4B /* barrysworldjenvey.jpg */ = {isa = PBXFileReference; lastKnownFileType = image.jpeg; path = barrysworldjenvey.jpg; sourceTree = "<group>"; };
		1E79FB901E2C6EA2008A4F4B /* barrysworldjenvey.pdf */ = {isa = PBXFileReference; lastKnownFileType = image.pdf; path = barrysworldjenvey.pdf; sourceTree = "<group>"; };
		1E79FB911E2C6EA2008A4F4B /* foreigneduwilliam.jpg */ = {isa = PBXFileReference; lastKnownFileType = image.jpeg; path = foreigneduwilliam.jpg; sourceTree = "<group>"; };
		1E79FB921E2C6EA2008A4F4B /* foreigneduwilliam.pdf */ = {isa = PBXFileReference; lastKnownFileType = image.pdf; path = foreigneduwilliam.pdf; sourceTree = "<group>"; };
		1E79FB931E2C6EA2008A4F4B /* gonewithtrash.jpg */ = {isa = PBXFileReference; lastKnownFileType = image.jpeg; path = gonewithtrash.jpg; sourceTree = "<group>"; };
		1E79FB941E2C6EA2008A4F4B /* gonewithtrash.pdf */ = {isa = PBXFileReference; lastKnownFileType = image.pdf; path = gonewithtrash.pdf; sourceTree = "<group>"; };
		1E79FB951E2C6EA2008A4F4B /* gospelbuckydennis.jpg */ = {isa = PBXFileReference; lastKnownFileType = image.jpeg; path = gospelbuckydennis.jpg; sourceTree = "<group>"; };
		1E79FB961E2C6EA2008A4F4B /* gospelbuckydennis.pdf */ = {isa = PBXFileReference; lastKnownFileType = image.pdf; path = gospelbuckydennis.pdf; sourceTree = "<group>"; };
		1E79FB971E2C6EA2008A4F4B /* oddjobsbowling.jpg */ = {isa = PBXFileReference; lastKnownFileType = image.jpeg; path = oddjobsbowling.jpg; sourceTree = "<group>"; };
		1E79FB981E2C6EA2008A4F4B /* oddjobsbowling.pdf */ = {isa = PBXFileReference; lastKnownFileType = image.pdf; path = oddjobsbowling.pdf; sourceTree = "<group>"; };
		1E79FB991E2C6EA2008A4F4B /* oneclownshortwright.jpg */ = {isa = PBXFileReference; lastKnownFileType = image.jpeg; path = oneclownshortwright.jpg; sourceTree = "<group>"; };
		1E79FB9A1E2C6EA2008A4F4B /* oneclownshortwright.pdf */ = {isa = PBXFileReference; lastKnownFileType = image.pdf; path = oneclownshortwright.pdf; sourceTree = "<group>"; };
		1E79FB9B1E2C6EA2008A4F4B /* questingromana.jpg */ = {isa = PBXFileReference; lastKnownFileType = image.jpeg; path = questingromana.jpg; sourceTree = "<group>"; };
		1E79FB9C1E2C6EA2008A4F4B /* questingromana.pdf */ = {isa = PBXFileReference; lastKnownFileType = image.pdf; path = questingromana.pdf; sourceTree = "<group>"; };
		1E79FB9D1E2C6EA2008A4F4B /* thedistancetravelled.jpg */ = {isa = PBXFileReference; lastKnownFileType = image.jpeg; path = thedistancetravelled.jpg; sourceTree = "<group>"; };
		1E79FB9E1E2C6EA2008A4F4B /* thedistancetravelled.pdf */ = {isa = PBXFileReference; lastKnownFileType = image.pdf; path = thedistancetravelled.pdf; sourceTree = "<group>"; };
		1E79FB9F1E2C6EA2008A4F4B /* pdf.png */ = {isa = PBXFileReference; lastKnownFileType = image.png; path = pdf.png; sourceTree = "<group>"; };
		1E79FBA01E2C6EA2008A4F4B /* web.png */ = {isa = PBXFileReference; lastKnownFileType = image.png; path = web.png; sourceTree = "<group>"; };
		1E79FBC61E2C7074008A4F4B /* ACellBook.swift */ = {isa = PBXFileReference; fileEncoding = 4; lastKnownFileType = sourcecode.swift; path = ACellBook.swift; sourceTree = "<group>"; };
		1E79FBC91E2C8155008A4F4B /* DetailBook.swift */ = {isa = PBXFileReference; fileEncoding = 4; lastKnownFileType = sourcecode.swift; path = DetailBook.swift; sourceTree = "<group>"; };
		1E79FBCB1E2C9E50008A4F4B /* LoadURL.swift */ = {isa = PBXFileReference; fileEncoding = 4; lastKnownFileType = sourcecode.swift; path = LoadURL.swift; sourceTree = "<group>"; };
/* End PBXFileReference section */

/* Begin PBXFrameworksBuildPhase section */
		1E79FB5F1E2C6A2B008A4F4B /* Frameworks */ = {
			isa = PBXFrameworksBuildPhase;
			buildActionMask = 2147483647;
			files = (
			);
			runOnlyForDeploymentPostprocessing = 0;
		};
/* End PBXFrameworksBuildPhase section */

/* Begin PBXGroup section */
		1E79FB591E2C6A2B008A4F4B = {
			isa = PBXGroup;
			children = (
				1E79FB641E2C6A2B008A4F4B /* EzUIWebView */,
				1E79FB631E2C6A2B008A4F4B /* Products */,
			);
			sourceTree = "<group>";
		};
		1E79FB631E2C6A2B008A4F4B /* Products */ = {
			isa = PBXGroup;
			children = (
				1E79FB621E2C6A2B008A4F4B /* EzUIWebView.app */,
			);
			name = Products;
			sourceTree = "<group>";
		};
		1E79FB641E2C6A2B008A4F4B /* EzUIWebView */ = {
			isa = PBXGroup;
			children = (
				1E79FBC81E2C812F008A4F4B /* ViewDetailBook */,
				1E79FBC51E2C703D008A4F4B /* Home */,
				1E79FB791E2C6EA2008A4F4B /* Source */,
				1E79FB651E2C6A2B008A4F4B /* AppDelegate.swift */,
				1E79FB671E2C6A2B008A4F4B /* ViewController.swift */,
				1E79FB691E2C6A2B008A4F4B /* Main.storyboard */,
				1E79FB6C1E2C6A2B008A4F4B /* Assets.xcassets */,
				1E79FB6E1E2C6A2B008A4F4B /* LaunchScreen.storyboard */,
				1E79FB711E2C6A2B008A4F4B /* Info.plist */,
			);
			path = EzUIWebView;
			sourceTree = "<group>";
		};
		1E79FB791E2C6EA2008A4F4B /* Source */ = {
			isa = PBXGroup;
			children = (
				1E79FB7A1E2C6EA2008A4F4B /* doc.png */,
				1E79FB7B1E2C6EA2008A4F4B /* Docx */,
				1E79FB861E2C6EA2008A4F4B /* Html */,
				1E79FB891E2C6EA2008A4F4B /* html.png */,
				1E79FB8A1E2C6EA2008A4F4B /* PDF */,
				1E79FB9F1E2C6EA2008A4F4B /* pdf.png */,
				1E79FBA01E2C6EA2008A4F4B /* web.png */,
			);
			path = Source;
			sourceTree = "<group>";
		};
		1E79FB7B1E2C6EA2008A4F4B /* Docx */ = {
			isa = PBXGroup;
			children = (
				1E79FB7C1E2C6EA2008A4F4B /* coexistcrane.docx */,
				1E79FB7D1E2C6EA2008A4F4B /* coexistcrane.jpg */,
				1E79FB7E1E2C6EA2008A4F4B /* darkkisssylviaday.docx */,
				1E79FB7F1E2C6EA2008A4F4B /* darkkisssylviaday.jpg */,
				1E79FB801E2C6EA2008A4F4B /* isthislove.docx */,
				1E79FB811E2C6EA2008A4F4B /* isthislove.jpg */,
				1E79FB821E2C6EA2008A4F4B /* lovelikethishubbard.docx */,
				1E79FB831E2C6EA2008A4F4B /* lovelikethishubbard.jpg */,
				1E79FB841E2C6EA2008A4F4B /* lumberlacewards.docx */,
				1E79FB851E2C6EA2008A4F4B /* lumberlacewards.jpg */,
			);
			path = Docx;
			sourceTree = "<group>";
		};
		1E79FB861E2C6EA2008A4F4B /* Html */ = {
			isa = PBXGroup;
			children = (
				1E79FB871E2C6EA2008A4F4B /* Lập trình iOS Objective-C.html */,
				1E79FB881E2C6EA2008A4F4B /* Lập trình iOS Objective-C.jpg */,
			);
			path = Html;
			sourceTree = "<group>";
		};
		1E79FB8A1E2C6EA2008A4F4B /* PDF */ = {
			isa = PBXGroup;
			children = (
				1E79FB8B1E2C6EA2008A4F4B /* abrieferhistory.jpg */,
				1E79FB8C1E2C6EA2008A4F4B /* abrieferhistory.pdf */,
				1E79FB8D1E2C6EA2008A4F4B /* aspoofonsexdonwireman.jpg */,
				1E79FB8E1E2C6EA2008A4F4B /* aspoofonsexdonwireman.pdf */,
				1E79FB8F1E2C6EA2008A4F4B /* barrysworldjenvey.jpg */,
				1E79FB901E2C6EA2008A4F4B /* barrysworldjenvey.pdf */,
				1E79FB911E2C6EA2008A4F4B /* foreigneduwilliam.jpg */,
				1E79FB921E2C6EA2008A4F4B /* foreigneduwilliam.pdf */,
				1E79FB931E2C6EA2008A4F4B /* gonewithtrash.jpg */,
				1E79FB941E2C6EA2008A4F4B /* gonewithtrash.pdf */,
				1E79FB951E2C6EA2008A4F4B /* gospelbuckydennis.jpg */,
				1E79FB961E2C6EA2008A4F4B /* gospelbuckydennis.pdf */,
				1E79FB971E2C6EA2008A4F4B /* oddjobsbowling.jpg */,
				1E79FB981E2C6EA2008A4F4B /* oddjobsbowling.pdf */,
				1E79FB991E2C6EA2008A4F4B /* oneclownshortwright.jpg */,
				1E79FB9A1E2C6EA2008A4F4B /* oneclownshortwright.pdf */,
				1E79FB9B1E2C6EA2008A4F4B /* questingromana.jpg */,
				1E79FB9C1E2C6EA2008A4F4B /* questingromana.pdf */,
				1E79FB9D1E2C6EA2008A4F4B /* thedistancetravelled.jpg */,
				1E79FB9E1E2C6EA2008A4F4B /* thedistancetravelled.pdf */,
			);
			path = PDF;
			sourceTree = "<group>";
		};
		1E79FBC51E2C703D008A4F4B /* Home */ = {
			isa = PBXGroup;
			children = (
				1E79FB771E2C6BA3008A4F4B /* ViewBooks.swift */,
				1E79FBC61E2C7074008A4F4B /* ACellBook.swift */,
			);
			name = Home;
			sourceTree = "<group>";
		};
		1E79FBC81E2C812F008A4F4B /* ViewDetailBook */ = {
			isa = PBXGroup;
			children = (
				1E79FBC91E2C8155008A4F4B /* DetailBook.swift */,
				1E79FBCB1E2C9E50008A4F4B /* LoadURL.swift */,
			);
			name = ViewDetailBook;
			sourceTree = "<group>";
		};
/* End PBXGroup section */

/* Begin PBXNativeTarget section */
		1E79FB611E2C6A2B008A4F4B /* EzUIWebView */ = {
			isa = PBXNativeTarget;
			buildConfigurationList = 1E79FB741E2C6A2B008A4F4B /* Build configuration list for PBXNativeTarget "EzUIWebView" */;
			buildPhases = (
				1E79FB5E1E2C6A2B008A4F4B /* Sources */,
				1E79FB5F1E2C6A2B008A4F4B /* Frameworks */,
				1E79FB601E2C6A2B008A4F4B /* Resources */,
			);
			buildRules = (
			);
			dependencies = (
			);
			name = EzUIWebView;
			productName = EzUIWebView;
			productReference = 1E79FB621E2C6A2B008A4F4B /* EzUIWebView.app */;
			productType = "com.apple.product-type.application";
		};
/* End PBXNativeTarget section */

/* Begin PBXProject section */
		1E79FB5A1E2C6A2B008A4F4B /* Project object */ = {
			isa = PBXProject;
			attributes = {
				LastSwiftUpdateCheck = 0800;
				LastUpgradeCheck = 0800;
				ORGANIZATIONNAME = tek4fun;
				TargetAttributes = {
					1E79FB611E2C6A2B008A4F4B = {
						CreatedOnToolsVersion = 8.0;
						ProvisioningStyle = Automatic;
					};
				};
			};
			buildConfigurationList = 1E79FB5D1E2C6A2B008A4F4B /* Build configuration list for PBXProject "EzUIWebView" */;
			compatibilityVersion = "Xcode 3.2";
			developmentRegion = English;
			hasScannedForEncodings = 0;
			knownRegions = (
				en,
				Base,
			);
			mainGroup = 1E79FB591E2C6A2B008A4F4B;
			productRefGroup = 1E79FB631E2C6A2B008A4F4B /* Products */;
			projectDirPath = "";
			projectRoot = "";
			targets = (
				1E79FB611E2C6A2B008A4F4B /* EzUIWebView */,
			);
		};
/* End PBXProject section */

/* Begin PBXResourcesBuildPhase section */
		1E79FB601E2C6A2B008A4F4B /* Resources */ = {
			isa = PBXResourcesBuildPhase;
			buildActionMask = 2147483647;
			files = (
				1E79FBAE1E2C6EA2008A4F4B /* html.png in Resources */,
				1E79FBA21E2C6EA2008A4F4B /* coexistcrane.docx in Resources */,
				1E79FBA31E2C6EA2008A4F4B /* coexistcrane.jpg in Resources */,
				1E79FBB51E2C6EA2008A4F4B /* foreigneduwilliam.jpg in Resources */,
				1E79FBBE1E2C6EA2008A4F4B /* oneclownshortwright.pdf in Resources */,
				1E79FBB41E2C6EA2008A4F4B /* barrysworldjenvey.pdf in Resources */,
				1E79FBB01E2C6EA2008A4F4B /* abrieferhistory.pdf in Resources */,
				1E79FBBA1E2C6EA2008A4F4B /* gospelbuckydennis.pdf in Resources */,
				1E79FBA11E2C6EA2008A4F4B /* doc.png in Resources */,
				1E79FBAB1E2C6EA2008A4F4B /* lumberlacewards.jpg in Resources */,
				1E79FBB31E2C6EA2008A4F4B /* barrysworldjenvey.jpg in Resources */,
				1E79FBB91E2C6EA2008A4F4B /* gospelbuckydennis.jpg in Resources */,
				1E79FBA81E2C6EA2008A4F4B /* lovelikethishubbard.docx in Resources */,
				1E79FBC21E2C6EA2008A4F4B /* thedistancetravelled.pdf in Resources */,
				1E79FBAA1E2C6EA2008A4F4B /* lumberlacewards.docx in Resources */,
				1E79FBC11E2C6EA2008A4F4B /* thedistancetravelled.jpg in Resources */,
				1E79FBA41E2C6EA2008A4F4B /* darkkisssylviaday.docx in Resources */,
				1E79FBBF1E2C6EA2008A4F4B /* questingromana.jpg in Resources */,
				1E79FBC41E2C6EA2008A4F4B /* web.png in Resources */,
				1E79FBB11E2C6EA2008A4F4B /* aspoofonsexdonwireman.jpg in Resources */,
				1E79FBA61E2C6EA2008A4F4B /* isthislove.docx in Resources */,
				1E79FBBD1E2C6EA2008A4F4B /* oneclownshortwright.jpg in Resources */,
				1E79FBB81E2C6EA2008A4F4B /* gonewithtrash.pdf in Resources */,
				1E79FBAD1E2C6EA2008A4F4B /* Lập trình iOS Objective-C.jpg in Resources */,
				1E79FBB71E2C6EA2008A4F4B /* gonewithtrash.jpg in Resources */,
				1E79FBC31E2C6EA2008A4F4B /* pdf.png in Resources */,
				1E79FBB61E2C6EA2008A4F4B /* foreigneduwilliam.pdf in Resources */,
				1E79FB701E2C6A2B008A4F4B /* LaunchScreen.storyboard in Resources */,
				1E79FBAC1E2C6EA2008A4F4B /* Lập trình iOS Objective-C.html in Resources */,
				1E79FB6D1E2C6A2B008A4F4B /* Assets.xcassets in Resources */,
				1E79FBBC1E2C6EA2008A4F4B /* oddjobsbowling.pdf in Resources */,
				1E79FBC01E2C6EA2008A4F4B /* questingromana.pdf in Resources */,
				1E79FBA51E2C6EA2008A4F4B /* darkkisssylviaday.jpg in Resources */,
				1E79FBB21E2C6EA2008A4F4B /* aspoofonsexdonwireman.pdf in Resources */,
				1E79FBA91E2C6EA2008A4F4B /* lovelikethishubbard.jpg in Resources */,
				1E79FB6B1E2C6A2B008A4F4B /* Main.storyboard in Resources */,
				1E79FBAF1E2C6EA2008A4F4B /* abrieferhistory.jpg in Resources */,
				1E79FBBB1E2C6EA2008A4F4B /* oddjobsbowling.jpg in Resources */,
				1E79FBA71E2C6EA2008A4F4B /* isthislove.jpg in Resources */,
			);
			runOnlyForDeploymentPostprocessing = 0;
		};
/* End PBXResourcesBuildPhase section */

/* Begin PBXSourcesBuildPhase section */
		1E79FB5E1E2C6A2B008A4F4B /* Sources */ = {
			isa = PBXSourcesBuildPhase;
			buildActionMask = 2147483647;
			files = (
				1E79FB681E2C6A2B008A4F4B /* ViewController.swift in Sources */,
				1E79FBCA1E2C8155008A4F4B /* DetailBook.swift in Sources */,
				1E79FB661E2C6A2B008A4F4B /* AppDelegate.swift in Sources */,
				1E79FBCC1E2C9E50008A4F4B /* LoadURL.swift in Sources */,
				1E79FBC71E2C7074008A4F4B /* ACellBook.swift in Sources */,
				1E79FB781E2C6BA3008A4F4B /* ViewBooks.swift in Sources */,
			);
			runOnlyForDeploymentPostprocessing = 0;
		};
/* End PBXSourcesBuildPhase section */

/* Begin PBXVariantGroup section */
		1E79FB691E2C6A2B008A4F4B /* Main.storyboard */ = {
			isa = PBXVariantGroup;
			children = (
				1E79FB6A1E2C6A2B008A4F4B /* Base */,
			);
			name = Main.storyboard;
			sourceTree = "<group>";
		};
		1E79FB6E1E2C6A2B008A4F4B /* LaunchScreen.storyboard */ = {
			isa = PBXVariantGroup;
			children = (
				1E79FB6F1E2C6A2B008A4F4B /* Base */,
			);
			name = LaunchScreen.storyboard;
			sourceTree = "<group>";
		};
/* End PBXVariantGroup section */

/* Begin XCBuildConfiguration section */
		1E79FB721E2C6A2B008A4F4B /* Debug */ = {
			isa = XCBuildConfiguration;
			buildSettings = {
				ALWAYS_SEARCH_USER_PATHS = NO;
				CLANG_ANALYZER_NONNULL = YES;
				CLANG_CXX_LANGUAGE_STANDARD = "gnu++0x";
				CLANG_CXX_LIBRARY = "libc++";
				CLANG_ENABLE_MODULES = YES;
				CLANG_ENABLE_OBJC_ARC = YES;
				CLANG_WARN_BOOL_CONVERSION = YES;
				CLANG_WARN_CONSTANT_CONVERSION = YES;
				CLANG_WARN_DIRECT_OBJC_ISA_USAGE = YES_ERROR;
				CLANG_WARN_DOCUMENTATION_COMMENTS = YES;
				CLANG_WARN_EMPTY_BODY = YES;
				CLANG_WARN_ENUM_CONVERSION = YES;
				CLANG_WARN_INFINITE_RECURSION = YES;
				CLANG_WARN_INT_CONVERSION = YES;
				CLANG_WARN_OBJC_ROOT_CLASS = YES_ERROR;
				CLANG_WARN_SUSPICIOUS_MOVES = YES;
				CLANG_WARN_UNREACHABLE_CODE = YES;
				CLANG_WARN__DUPLICATE_METHOD_MATCH = YES;
				"CODE_SIGN_IDENTITY[sdk=iphoneos*]" = "iPhone Developer";
				COPY_PHASE_STRIP = NO;
				DEBUG_INFORMATION_FORMAT = dwarf;
				ENABLE_STRICT_OBJC_MSGSEND = YES;
				ENABLE_TESTABILITY = YES;
				GCC_C_LANGUAGE_STANDARD = gnu99;
				GCC_DYNAMIC_NO_PIC = NO;
				GCC_NO_COMMON_BLOCKS = YES;
				GCC_OPTIMIZATION_LEVEL = 0;
				GCC_PREPROCESSOR_DEFINITIONS = (
					"DEBUG=1",
					"$(inherited)",
				);
				GCC_WARN_64_TO_32_BIT_CONVERSION = YES;
				GCC_WARN_ABOUT_RETURN_TYPE = YES_ERROR;
				GCC_WARN_UNDECLARED_SELECTOR = YES;
				GCC_WARN_UNINITIALIZED_AUTOS = YES_AGGRESSIVE;
				GCC_WARN_UNUSED_FUNCTION = YES;
				GCC_WARN_UNUSED_VARIABLE = YES;
				IPHONEOS_DEPLOYMENT_TARGET = 10.0;
				MTL_ENABLE_DEBUG_INFO = YES;
				ONLY_ACTIVE_ARCH = YES;
				SDKROOT = iphoneos;
				SWIFT_ACTIVE_COMPILATION_CONDITIONS = DEBUG;
				SWIFT_OPTIMIZATION_LEVEL = "-Onone";
				TARGETED_DEVICE_FAMILY = "1,2";
			};
			name = Debug;
		};
		1E79FB731E2C6A2B008A4F4B /* Release */ = {
			isa = XCBuildConfiguration;
			buildSettings = {
				ALWAYS_SEARCH_USER_PATHS = NO;
				CLANG_ANALYZER_NONNULL = YES;
				CLANG_CXX_LANGUAGE_STANDARD = "gnu++0x";
				CLANG_CXX_LIBRARY = "libc++";
				CLANG_ENABLE_MODULES = YES;
				CLANG_ENABLE_OBJC_ARC = YES;
				CLANG_WARN_BOOL_CONVERSION = YES;
				CLANG_WARN_CONSTANT_CONVERSION = YES;
				CLANG_WARN_DIRECT_OBJC_ISA_USAGE = YES_ERROR;
				CLANG_WARN_DOCUMENTATION_COMMENTS = YES;
				CLANG_WARN_EMPTY_BODY = YES;
				CLANG_WARN_ENUM_CONVERSION = YES;
				CLANG_WARN_INFINITE_RECURSION = YES;
				CLANG_WARN_INT_CONVERSION = YES;
				CLANG_WARN_OBJC_ROOT_CLASS = YES_ERROR;
				CLANG_WARN_SUSPICIOUS_MOVES = YES;
				CLANG_WARN_UNREACHABLE_CODE = YES;
				CLANG_WARN__DUPLICATE_METHOD_MATCH = YES;
				"CODE_SIGN_IDENTITY[sdk=iphoneos*]" = "iPhone Developer";
				COPY_PHASE_STRIP = NO;
				DEBUG_INFORMATION_FORMAT = "dwarf-with-dsym";
				ENABLE_NS_ASSERTIONS = NO;
				ENABLE_STRICT_OBJC_MSGSEND = YES;
				GCC_C_LANGUAGE_STANDARD = gnu99;
				GCC_NO_COMMON_BLOCKS = YES;
				GCC_WARN_64_TO_32_BIT_CONVERSION = YES;
				GCC_WARN_ABOUT_RETURN_TYPE = YES_ERROR;
				GCC_WARN_UNDECLARED_SELECTOR = YES;
				GCC_WARN_UNINITIALIZED_AUTOS = YES_AGGRESSIVE;
				GCC_WARN_UNUSED_FUNCTION = YES;
				GCC_WARN_UNUSED_VARIABLE = YES;
				IPHONEOS_DEPLOYMENT_TARGET = 10.0;
				MTL_ENABLE_DEBUG_INFO = NO;
				SDKROOT = iphoneos;
				SWIFT_OPTIMIZATION_LEVEL = "-Owholemodule";
				TARGETED_DEVICE_FAMILY = "1,2";
				VALIDATE_PRODUCT = YES;
			};
			name = Release;
		};
		1E79FB751E2C6A2B008A4F4B /* Debug */ = {
			isa = XCBuildConfiguration;
			buildSettings = {
				ASSETCATALOG_COMPILER_APPICON_NAME = AppIcon;
				INFOPLIST_FILE = EzUIWebView/Info.plist;
				LD_RUNPATH_SEARCH_PATHS = "$(inherited) @executable_path/Frameworks";
				PRODUCT_BUNDLE_IDENTIFIER = vn.techmaster.EzUIWebView;
				PRODUCT_NAME = "$(TARGET_NAME)";
				SWIFT_VERSION = 3.0;
			};
			name = Debug;
		};
		1E79FB761E2C6A2B008A4F4B /* Release */ = {
			isa = XCBuildConfiguration;
			buildSettings = {
				ASSETCATALOG_COMPILER_APPICON_NAME = AppIcon;
				INFOPLIST_FILE = EzUIWebView/Info.plist;
				LD_RUNPATH_SEARCH_PATHS = "$(inherited) @executable_path/Frameworks";
				PRODUCT_BUNDLE_IDENTIFIER = vn.techmaster.EzUIWebView;
				PRODUCT_NAME = "$(TARGET_NAME)";
				SWIFT_VERSION = 3.0;
			};
			name = Release;
		};
/* End XCBuildConfiguration section */

/* Begin XCConfigurationList section */
		1E79FB5D1E2C6A2B008A4F4B /* Build configuration list for PBXProject "EzUIWebView" */ = {
			isa = XCConfigurationList;
			buildConfigurations = (
				1E79FB721E2C6A2B008A4F4B /* Debug */,
				1E79FB731E2C6A2B008A4F4B /* Release */,
			);
			defaultConfigurationIsVisible = 0;
			defaultConfigurationName = Release;
		};
		1E79FB741E2C6A2B008A4F4B /* Build configuration list for PBXNativeTarget "EzUIWebView" */ = {
			isa = XCConfigurationList;
			buildConfigurations = (
				1E79FB751E2C6A2B008A4F4B /* Debug */,
				1E79FB761E2C6A2B008A4F4B /* Release */,
			);
			defaultConfigurationIsVisible = 0;
		};
/* End XCConfigurationList section */
	};
	rootObject = 1E79FB5A1E2C6A2B008A4F4B /* Project object */;
}
